
Microsoft Visual Studio Solution File, Format Version 12.00
# Visual Studio Version 17
VisualStudioVersion = 17.4.33213.308
MinimumVisualStudioVersion = 10.0.40219.1
Project("{FAE04EC0-301F-11D3-BF4B-00C04F79EFBC}") = "Week8EpicGame", "Week8EpicGame\Week8EpicGame.csproj", "{9E43B8A9-9855-4B78-8A30-1DFAC799305E}"
EndProject
Global
	GlobalSection(SolutionConfigurationPlatforms) = preSolution
		Debug|Any CPU = Debug|Any CPU
		Release|Any CPU = Release|Any CPU
	EndGlobalSection
	GlobalSection(ProjectConfigurationPlatforms) = postSolution
		{9E43B8A9-9855-4B78-8A30-1DFAC799305E}.Debug|Any CPU.ActiveCfg = Debug|Any CPU
		{9E43B8A9-9855-4B78-8A30-1DFAC799305E}.Debug|Any CPU.Build.0 = Debug|Any CPU
		{9E43B8A9-9855-4B78-8A30-1DFAC799305E}.Release|Any CPU.ActiveCfg = Release|Any CPU
		{9E43B8A9-9855-4B78-8A30-1DFAC799305E}.Release|Any CPU.Build.0 = Release|Any CPU
	EndGlobalSection
	GlobalSection(SolutionProperties) = preSolution
		HideSolutionNode = FALSE
	EndGlobalSection
	GlobalSection(ExtensibilityGlobals) = postSolution
		SolutionGuid = {26853A1C-AD02-4958-B094-30C19CE92EE3}
	EndGlobalSection
EndGlobal
